
Microsoft Visual Studio Solution File, Format Version 12.00
# Visual Studio Version 16
VisualStudioVersion = 16.0.29709.97
MinimumVisualStudioVersion = 10.0.40219.1
Project("{FAE04EC0-301F-11D3-BF4B-00C04F79EFBC}") = "PracticeDay4", "PracticeDay4.csproj", "{5E9A6D21-7C37-4B02-8825-85413D220F1D}"
EndProject
Global
	GlobalSection(SolutionConfigurationPlatforms) = preSolution
		Debug|Any CPU = Debug|Any CPU
		Release|Any CPU = Release|Any CPU
	EndGlobalSection
	GlobalSection(ProjectConfigurationPlatforms) = postSolution
		{5E9A6D21-7C37-4B02-8825-85413D220F1D}.Debug|Any CPU.ActiveCfg = Debug|Any CPU
		{5E9A6D21-7C37-4B02-8825-85413D220F1D}.Debug|Any CPU.Build.0 = Debug|Any CPU
		{5E9A6D21-7C37-4B02-8825-85413D220F1D}.Release|Any CPU.ActiveCfg = Release|Any CPU
		{5E9A6D21-7C37-4B02-8825-85413D220F1D}.Release|Any CPU.Build.0 = Release|Any CPU
	EndGlobalSection
	GlobalSection(SolutionProperties) = preSolution
		HideSolutionNode = FALSE
	EndGlobalSection
	GlobalSection(ExtensibilityGlobals) = postSolution
		SolutionGuid = {C3EA6E23-6801-4B23-BBE7-70C010A94CE3}
	EndGlobalSection
EndGlobal
